Microsoft Visual Studio Solution File, Format Version 12.00
# Visual Studio Version 17
VisualStudioVersion = 17.5.2.0
MinimumVisualStudioVersion = 10.0.40219.1
Project("{FAE04EC0-301F-11D3-BF4B-00C04F79EFBC}") = "DanneFest", "DanneFest\DanneFest.csproj", "{83CF5F68-CF71-AE9A-BDB0-93B9B47D9C48}"
EndProject
Global
	GlobalSection(SolutionConfigurationPlatforms) = preSolution
		Debug|Any CPU = Debug|Any CPU
		Release|Any CPU = Release|Any CPU
	EndGlobalSection
	GlobalSection(ProjectConfigurationPlatforms) = postSolution
		{83CF5F68-CF71-AE9A-BDB0-93B9B47D9C48}.Debug|Any CPU.ActiveCfg = Debug|Any CPU
		{83CF5F68-CF71-AE9A-BDB0-93B9B47D9C48}.Debug|Any CPU.Build.0 = Debug|Any CPU
		{83CF5F68-CF71-AE9A-BDB0-93B9B47D9C48}.Release|Any CPU.ActiveCfg = Release|Any CPU
		{83CF5F68-CF71-AE9A-BDB0-93B9B47D9C48}.Release|Any CPU.Build.0 = Release|Any CPU
	EndGlobalSection
	GlobalSection(SolutionProperties) = preSolution
		HideSolutionNode = FALSE
	EndGlobalSection
	GlobalSection(ExtensibilityGlobals) = postSolution
		SolutionGuid = {749A6767-BCCF-458E-BCC9-512BE1654E4C}
	EndGlobalSection
EndGlobal
